// !$*UTF8*$!
{
	archiveVersion = 1;
	classes = {
	};
	objectVersion = 51;
	objects = {

/* Begin PBXBuildFile section */
		18329473CD0F87EBCB20F3E3 /* Pods_Playground.framework in Frameworks */ = {isa = PBXBuildFile; fileRef = D3D5BC1641C7A5EC0B77DD1D /* Pods_Playground.framework */; };
		750D75C5260272FC00ADABB3 /* Reachability.swift in Sources */ = {isa = PBXBuildFile; fileRef = 750D75C4260272FC00ADABB3 /* Reachability.swift */; };
		750D75CA2602963D00ADABB3 /* DataModel.xcdatamodeld in Sources */ = {isa = PBXBuildFile; fileRef = 750D75C82602963D00ADABB3 /* DataModel.xcdatamodeld */; };
		750D75CD2602A55C00ADABB3 /* DetailsViewController.swift in Sources */ = {isa = PBXBuildFile; fileRef = 750D75CC2602A55C00ADABB3 /* DetailsViewController.swift */; };
		750D75DF2602B96800ADABB3 /* CustomViewController.swift in Sources */ = {isa = PBXBuildFile; fileRef = 750D75DE2602B96800ADABB3 /* CustomViewController.swift */; };
		759ED88A26019EB400E0B708 /* DesignableView.swift in Sources */ = {isa = PBXBuildFile; fileRef = 759ED88926019EB400E0B708 /* DesignableView.swift */; };
		759ED8932601C88500E0B708 /* PokemonRepository.swift in Sources */ = {isa = PBXBuildFile; fileRef = 759ED8922601C88500E0B708 /* PokemonRepository.swift */; };
		75B4B31926001FE5001A5C7E /* SignInViewController.swift in Sources */ = {isa = PBXBuildFile; fileRef = 75B4B31826001FE5001A5C7E /* SignInViewController.swift */; };
		75B4B32326003333001A5C7E /* AuthManager.swift in Sources */ = {isa = PBXBuildFile; fileRef = 75B4B32226003333001A5C7E /* AuthManager.swift */; };
		75B4B3262600374A001A5C7E /* Result.swift in Sources */ = {isa = PBXBuildFile; fileRef = 75B4B3252600374A001A5C7E /* Result.swift */; };
		75B4B32926003E74001A5C7E /* Constants.swift in Sources */ = {isa = PBXBuildFile; fileRef = 75B4B32826003E74001A5C7E /* Constants.swift */; };
		75B4B32E2600424F001A5C7E /* HomeViewController.swift in Sources */ = {isa = PBXBuildFile; fileRef = 75B4B32D2600424F001A5C7E /* HomeViewController.swift */; };
		75B4B33126004E3B001A5C7E /* PokemonModels.swift in Sources */ = {isa = PBXBuildFile; fileRef = 75B4B33026004E3B001A5C7E /* PokemonModels.swift */; };
		75B4B33426004F69001A5C7E /* PokemonApi.swift in Sources */ = {isa = PBXBuildFile; fileRef = 75B4B33326004F69001A5C7E /* PokemonApi.swift */; };
		75B4B36226006DB1001A5C7E /* PokemonDB.swift in Sources */ = {isa = PBXBuildFile; fileRef = 75B4B36126006DB1001A5C7E /* PokemonDB.swift */; };
		75E1C0A325FEE5B80092BDC9 /* AppDelegate.swift in Sources */ = {isa = PBXBuildFile; fileRef = 75E1C0A225FEE5B80092BDC9 /* AppDelegate.swift */; };
		75E1C0A525FEE5B80092BDC9 /* SceneDelegate.swift in Sources */ = {isa = PBXBuildFile; fileRef = 75E1C0A425FEE5B80092BDC9 /* SceneDelegate.swift */; };
		75E1C0AA25FEE5B80092BDC9 /* Main.storyboard in Resources */ = {isa = PBXBuildFile; fileRef = 75E1C0A825FEE5B80092BDC9 /* Main.storyboard */; };
		75E1C0AC25FEE5BA0092BDC9 /* Assets.xcassets in Resources */ = {isa = PBXBuildFile; fileRef = 75E1C0AB25FEE5BA0092BDC9 /* Assets.xcassets */; };
		75E1C0AF25FEE5BA0092BDC9 /* LaunchScreen.storyboard in Resources */ = {isa = PBXBuildFile; fileRef = 75E1C0AD25FEE5BA0092BDC9 /* LaunchScreen.storyboard */; };
		75E1C0C525FEF0140092BDC9 /* GoogleService-Info.plist in Resources */ = {isa = PBXBuildFile; fileRef = 75E1C0C425FEF0140092BDC9 /* GoogleService-Info.plist */; };
/* End PBXBuildFile section */

/* Begin PBXFileReference section */
		600BC5A058D50D93CBDD53CA /* Pods-Playground.release.xcconfig */ = {isa = PBXFileReference; includeInIndex = 1; lastKnownFileType = text.xcconfig; name = "Pods-Playground.release.xcconfig"; path = "Target Support Files/Pods-Playground/Pods-Playground.release.xcconfig"; sourceTree = "<group>"; };
		65553B0433CC5AC16A6F006A /* Pods-Playground.debug.xcconfig */ = {isa = PBXFileReference; includeInIndex = 1; lastKnownFileType = text.xcconfig; name = "Pods-Playground.debug.xcconfig"; path = "Target Support Files/Pods-Playground/Pods-Playground.debug.xcconfig"; sourceTree = "<group>"; };
		750D75C4260272FC00ADABB3 /* Reachability.swift */ = {isa = PBXFileReference; lastKnownFileType = sourcecode.swift; path = Reachability.swift; sourceTree = "<group>"; };
		750D75C92602963D00ADABB3 /* DataModel.xcdatamodel */ = {isa = PBXFileReference; lastKnownFileType = wrapper.xcdatamodel; path = DataModel.xcdatamodel; sourceTree = "<group>"; };
		750D75CC2602A55C00ADABB3 /* DetailsViewController.swift */ = {isa = PBXFileReference; lastKnownFileType = sourcecode.swift; path = DetailsViewController.swift; sourceTree = "<group>"; };
		750D75DE2602B96800ADABB3 /* CustomViewController.swift */ = {isa = PBXFileReference; lastKnownFileType = sourcecode.swift; path = CustomViewController.swift; sourceTree = "<group>"; };
		759ED88926019EB400E0B708 /* DesignableView.swift */ = {isa = PBXFileReference; lastKnownFileType = sourcecode.swift; path = DesignableView.swift; sourceTree = "<group>"; };
		759ED8922601C88500E0B708 /* PokemonRepository.swift */ = {isa = PBXFileReference; lastKnownFileType = sourcecode.swift; path = PokemonRepository.swift; sourceTree = "<group>"; };
		75B4B31826001FE5001A5C7E /* SignInViewController.swift */ = {isa = PBXFileReference; lastKnownFileType = sourcecode.swift; path = SignInViewController.swift; sourceTree = "<group>"; };
		75B4B32226003333001A5C7E /* AuthManager.swift */ = {isa = PBXFileReference; lastKnownFileType = sourcecode.swift; path = AuthManager.swift; sourceTree = "<group>"; };
		75B4B3252600374A001A5C7E /* Result.swift */ = {isa = PBXFileReference; lastKnownFileType = sourcecode.swift; path = Result.swift; sourceTree = "<group>"; };
		75B4B32826003E74001A5C7E /* Constants.swift */ = {isa = PBXFileReference; lastKnownFileType = sourcecode.swift; path = Constants.swift; sourceTree = "<group>"; };
		75B4B32D2600424F001A5C7E /* HomeViewController.swift */ = {isa = PBXFileReference; lastKnownFileType = sourcecode.swift; path = HomeViewController.swift; sourceTree = "<group>"; };
		75B4B33026004E3B001A5C7E /* PokemonModels.swift */ = {isa = PBXFileReference; lastKnownFileType = sourcecode.swift; path = PokemonModels.swift; sourceTree = "<group>"; };
		75B4B33326004F69001A5C7E /* PokemonApi.swift */ = {isa = PBXFileReference; lastKnownFileType = sourcecode.swift; path = PokemonApi.swift; sourceTree = "<group>"; };
		75B4B36126006DB1001A5C7E /* PokemonDB.swift */ = {isa = PBXFileReference; lastKnownFileType = sourcecode.swift; path = PokemonDB.swift; sourceTree = "<group>"; };
		75E1C09F25FEE5B80092BDC9 /* Playground.app */ = {isa = PBXFileReference; explicitFileType = wrapper.application; includeInIndex = 0; path = Playground.app; sourceTree = BUILT_PRODUCTS_DIR; };
		75E1C0A225FEE5B80092BDC9 /* AppDelegate.swift */ = {isa = PBXFileReference; lastKnownFileType = sourcecode.swift; path = AppDelegate.swift; sourceTree = "<group>"; };
		75E1C0A425FEE5B80092BDC9 /* SceneDelegate.swift */ = {isa = PBXFileReference; lastKnownFileType = sourcecode.swift; path = SceneDelegate.swift; sourceTree = "<group>"; };
		75E1C0A925FEE5B80092BDC9 /* Base */ = {isa = PBXFileReference; lastKnownFileType = file.storyboard; name = Base; path = Base.lproj/Main.storyboard; sourceTree = "<group>"; };
		75E1C0AB25FEE5BA0092BDC9 /* Assets.xcassets */ = {isa = PBXFileReference; lastKnownFileType = folder.assetcatalog; path = Assets.xcassets; sourceTree = "<group>"; };
		75E1C0AE25FEE5BA0092BDC9 /* Base */ = {isa = PBXFileReference; lastKnownFileType = file.storyboard; name = Base; path = Base.lproj/LaunchScreen.storyboard; sourceTree = "<group>"; };
		75E1C0B025FEE5BA0092BDC9 /* Info.plist */ = {isa = PBXFileReference; lastKnownFileType = text.plist.xml; path = Info.plist; sourceTree = "<group>"; };
		75E1C0C425FEF0140092BDC9 /* GoogleService-Info.plist */ = {isa = PBXFileReference; fileEncoding = 4; lastKnownFileType = text.plist.xml; path = "GoogleService-Info.plist"; sourceTree = "<group>"; };
		D3D5BC1641C7A5EC0B77DD1D /* Pods_Playground.framework */ = {isa = PBXFileReference; explicitFileType = wrapper.framework; includeInIndex = 0; path = Pods_Playground.framework; sourceTree = BUILT_PRODUCTS_DIR; };
/* End PBXFileReference section */

/* Begin PBXFrameworksBuildPhase section */
		75E1C09C25FEE5B80092BDC9 /* Frameworks */ = {
			isa = PBXFrameworksBuildPhase;
			buildActionMask = 2147483647;
			files = (
				18329473CD0F87EBCB20F3E3 /* Pods_Playground.framework in Frameworks */,
			);
			runOnlyForDeploymentPostprocessing = 0;
		};
/* End PBXFrameworksBuildPhase section */

/* Begin PBXGroup section */
		16C12CA50F2E7E515F8D0FBA /* Frameworks */ = {
			isa = PBXGroup;
			children = (
				D3D5BC1641C7A5EC0B77DD1D /* Pods_Playground.framework */,
			);
			name = Frameworks;
			sourceTree = "<group>";
		};
		2FD87A81621B7FCD64DC2D81 /* Pods */ = {
			isa = PBXGroup;
			children = (
				65553B0433CC5AC16A6F006A /* Pods-Playground.debug.xcconfig */,
				600BC5A058D50D93CBDD53CA /* Pods-Playground.release.xcconfig */,
			);
			path = Pods;
			sourceTree = "<group>";
		};
		750D75BD2602315A00ADABB3 /* Pokemon */ = {
			isa = PBXGroup;
			children = (
				759ED8922601C88500E0B708 /* PokemonRepository.swift */,
				75B4B367260072AC001A5C7E /* Local */,
				75B4B368260072B6001A5C7E /* Network */,
			);
			path = Pokemon;
			sourceTree = "<group>";
		};
		750D75BE2602319800ADABB3 /* Authentication */ = {
			isa = PBXGroup;
			children = (
				75B4B32226003333001A5C7E /* AuthManager.swift */,
			);
			path = Authentication;
			sourceTree = "<group>";
		};
		750D75E32602BBD500ADABB3 /* Internals */ = {
			isa = PBXGroup;
			children = (
				75B4B3252600374A001A5C7E /* Result.swift */,
				750D75DE2602B96800ADABB3 /* CustomViewController.swift */,
				759ED88926019EB400E0B708 /* DesignableView.swift */,
				750D75C4260272FC00ADABB3 /* Reachability.swift */,
				75B4B32826003E74001A5C7E /* Constants.swift */,
			);
			path = Internals;
			sourceTree = "<group>";
		};
		759ED88826019E7F00E0B708 /* View */ = {
			isa = PBXGroup;
			children = (
				75E1C0A825FEE5B80092BDC9 /* Main.storyboard */,
				75B4B32D2600424F001A5C7E /* HomeViewController.swift */,
				75B4B31826001FE5001A5C7E /* SignInViewController.swift */,
				750D75CC2602A55C00ADABB3 /* DetailsViewController.swift */,
			);
			path = View;
			sourceTree = "<group>";
		};
		75B4B320260030DB001A5C7E /* Data */ = {
			isa = PBXGroup;
			children = (
				750D75BE2602319800ADABB3 /* Authentication */,
				750D75BD2602315A00ADABB3 /* Pokemon */,
			);
			path = Data;
			sourceTree = "<group>";
		};
		75B4B367260072AC001A5C7E /* Local */ = {
			isa = PBXGroup;
			children = (
				75B4B36126006DB1001A5C7E /* PokemonDB.swift */,
				750D75C82602963D00ADABB3 /* DataModel.xcdatamodeld */,
			);
			path = Local;
			sourceTree = "<group>";
		};
		75B4B368260072B6001A5C7E /* Network */ = {
			isa = PBXGroup;
			children = (
				75B4B33026004E3B001A5C7E /* PokemonModels.swift */,
				75B4B33326004F69001A5C7E /* PokemonApi.swift */,
			);
			path = Network;
			sourceTree = "<group>";
		};
		75E1C09625FEE5B80092BDC9 = {
			isa = PBXGroup;
			children = (
				75E1C0A125FEE5B80092BDC9 /* Playground */,
				75E1C0A025FEE5B80092BDC9 /* Products */,
				2FD87A81621B7FCD64DC2D81 /* Pods */,
				16C12CA50F2E7E515F8D0FBA /* Frameworks */,
			);
			sourceTree = "<group>";
		};
		75E1C0A025FEE5B80092BDC9 /* Products */ = {
			isa = PBXGroup;
			children = (
				75E1C09F25FEE5B80092BDC9 /* Playground.app */,
			);
			name = Products;
			sourceTree = "<group>";
		};
		75E1C0A125FEE5B80092BDC9 /* Playground */ = {
			isa = PBXGroup;
			children = (
				750D75E32602BBD500ADABB3 /* Internals */,
				759ED88826019E7F00E0B708 /* View */,
				75B4B320260030DB001A5C7E /* Data */,
				75E1C0C425FEF0140092BDC9 /* GoogleService-Info.plist */,
				75E1C0A225FEE5B80092BDC9 /* AppDelegate.swift */,
				75E1C0A425FEE5B80092BDC9 /* SceneDelegate.swift */,
				75E1C0AB25FEE5BA0092BDC9 /* Assets.xcassets */,
				75E1C0AD25FEE5BA0092BDC9 /* LaunchScreen.storyboard */,
				75E1C0B025FEE5BA0092BDC9 /* Info.plist */,
			);
			path = Playground;
			sourceTree = "<group>";
		};
/* End PBXGroup section */

/* Begin PBXNativeTarget section */
		75E1C09E25FEE5B80092BDC9 /* Playground */ = {
			isa = PBXNativeTarget;
			buildConfigurationList = 75E1C0B325FEE5BA0092BDC9 /* Build configuration list for PBXNativeTarget "Playground" */;
			buildPhases = (
				BA78C882743BE70064AA8F43 /* [CP] Check Pods Manifest.lock */,
				75E1C09B25FEE5B80092BDC9 /* Sources */,
				75E1C09C25FEE5B80092BDC9 /* Frameworks */,
				75E1C09D25FEE5B80092BDC9 /* Resources */,
				3CEF0728806FA0A49E17A1AC /* [CP] Embed Pods Frameworks */,
			);
			buildRules = (
			);
			dependencies = (
			);
			name = Playground;
			productName = Playground;
			productReference = 75E1C09F25FEE5B80092BDC9 /* Playground.app */;
			productType = "com.apple.product-type.application";
		};
/* End PBXNativeTarget section */

/* Begin PBXProject section */
		75E1C09725FEE5B80092BDC9 /* Project object */ = {
			isa = PBXProject;
			attributes = {
				LastSwiftUpdateCheck = 1200;
				LastUpgradeCheck = 1200;
				TargetAttributes = {
					75E1C09E25FEE5B80092BDC9 = {
						CreatedOnToolsVersion = 12.0;
					};
				};
			};
			buildConfigurationList = 75E1C09A25FEE5B80092BDC9 /* Build configuration list for PBXProject "Playground" */;
			compatibilityVersion = "Xcode 9.3";
			developmentRegion = en;
			hasScannedForEncodings = 0;
			knownRegions = (
				en,
				Base,
			);
			mainGroup = 75E1C09625FEE5B80092BDC9;
			productRefGroup = 75E1C0A025FEE5B80092BDC9 /* Products */;
			projectDirPath = "";
			projectRoot = "";
			targets = (
				75E1C09E25FEE5B80092BDC9 /* Playground */,
			);
		};
/* End PBXProject section */

/* Begin PBXResourcesBuildPhase section */
		75E1C09D25FEE5B80092BDC9 /* Resources */ = {
			isa = PBXResourcesBuildPhase;
			buildActionMask = 2147483647;
			files = (
				75E1C0AF25FEE5BA0092BDC9 /* LaunchScreen.storyboard in Resources */,
				75E1C0C525FEF0140092BDC9 /* GoogleService-Info.plist in Resources */,
				75E1C0AC25FEE5BA0092BDC9 /* Assets.xcassets in Resources */,
				75E1C0AA25FEE5B80092BDC9 /* Main.storyboard in Resources */,
			);
			runOnlyForDeploymentPostprocessing = 0;
		};
/* End PBXResourcesBuildPhase section */

/* Begin PBXShellScriptBuildPhase section */
		3CEF0728806FA0A49E17A1AC /* [CP] Embed Pods Frameworks */ = {
			isa = PBXShellScriptBuildPhase;
			buildActionMask = 2147483647;
			files = (
			);
			inputFileListPaths = (
				"${PODS_ROOT}/Target Support Files/Pods-Playground/Pods-Playground-frameworks-${CONFIGURATION}-input-files.xcfilelist",
			);
			name = "[CP] Embed Pods Frameworks";
			outputFileListPaths = (
				"${PODS_ROOT}/Target Support Files/Pods-Playground/Pods-Playground-frameworks-${CONFIGURATION}-output-files.xcfilelist",
			);
			runOnlyForDeploymentPostprocessing = 0;
			shellPath = /bin/sh;
			shellScript = "\"${PODS_ROOT}/Target Support Files/Pods-Playground/Pods-Playground-frameworks.sh\"\n";
			showEnvVarsInLog = 0;
		};
		BA78C882743BE70064AA8F43 /* [CP] Check Pods Manifest.lock */ = {
			isa = PBXShellScriptBuildPhase;
			buildActionMask = 2147483647;
			files = (
			);
			inputFileListPaths = (
			);
			inputPaths = (
				"${PODS_PODFILE_DIR_PATH}/Podfile.lock",
				"${PODS_ROOT}/Manifest.lock",
			);
			name = "[CP] Check Pods Manifest.lock";
			outputFileListPaths = (
			);
			outputPaths = (
				"$(DERIVED_FILE_DIR)/Pods-Playground-checkManifestLockResult.txt",
			);
			runOnlyForDeploymentPostprocessing = 0;
			shellPath = /bin/sh;
			shellScript = "diff \"${PODS_PODFILE_DIR_PATH}/Podfile.lock\" \"${PODS_ROOT}/Manifest.lock\" > /dev/null\nif [ $? != 0 ] ; then\n    # print error to STDERR\n    echo \"error: The sandbox is not in sync with the Podfile.lock. Run 'pod install' or update your CocoaPods installation.\" >&2\n    exit 1\nfi\n# This output is used by Xcode 'outputs' to avoid re-running this script phase.\necho \"SUCCESS\" > \"${SCRIPT_OUTPUT_FILE_0}\"\n";
			showEnvVarsInLog = 0;
		};
/* End PBXShellScriptBuildPhase section */

/* Begin PBXSourcesBuildPhase section */
		75E1C09B25FEE5B80092BDC9 /* Sources */ = {
			isa = PBXSourcesBuildPhase;
			buildActionMask = 2147483647;
			files = (
				750D75C5260272FC00ADABB3 /* Reachability.swift in Sources */,
				75B4B32326003333001A5C7E /* AuthManager.swift in Sources */,
				75B4B36226006DB1001A5C7E /* PokemonDB.swift in Sources */,
				750D75CA2602963D00ADABB3 /* DataModel.xcdatamodeld in Sources */,
				75B4B33426004F69001A5C7E /* PokemonApi.swift in Sources */,
				759ED88A26019EB400E0B708 /* DesignableView.swift in Sources */,
				75E1C0A325FEE5B80092BDC9 /* AppDelegate.swift in Sources */,
				75B4B32E2600424F001A5C7E /* HomeViewController.swift in Sources */,
				75B4B31926001FE5001A5C7E /* SignInViewController.swift in Sources */,
				75B4B33126004E3B001A5C7E /* PokemonModels.swift in Sources */,
				750D75DF2602B96800ADABB3 /* CustomViewController.swift in Sources */,
				759ED8932601C88500E0B708 /* PokemonRepository.swift in Sources */,
				75B4B3262600374A001A5C7E /* Result.swift in Sources */,
				75E1C0A525FEE5B80092BDC9 /* SceneDelegate.swift in Sources */,
				75B4B32926003E74001A5C7E /* Constants.swift in Sources */,
				750D75CD2602A55C00ADABB3 /* DetailsViewController.swift in Sources */,
			);
			runOnlyForDeploymentPostprocessing = 0;
		};
/* End PBXSourcesBuildPhase section */

/* Begin PBXVariantGroup section */
		75E1C0A825FEE5B80092BDC9 /* Main.storyboard */ = {
			isa = PBXVariantGroup;
			children = (
				75E1C0A925FEE5B80092BDC9 /* Base */,
			);
			name = Main.storyboard;
			sourceTree = "<group>";
		};
		75E1C0AD25FEE5BA0092BDC9 /* LaunchScreen.storyboard */ = {
			isa = PBXVariantGroup;
			children = (
				75E1C0AE25FEE5BA0092BDC9 /* Base */,
			);
			name = LaunchScreen.storyboard;
			sourceTree = "<group>";
		};
/* End PBXVariantGroup section */

/* Begin XCBuildConfiguration section */
		75E1C0B125FEE5BA0092BDC9 /* Debug */ = {
			isa = XCBuildConfiguration;
			buildSettings = {
				ALWAYS_SEARCH_USER_PATHS = NO;
				CLANG_ANALYZER_NONNULL = YES;
				CLANG_ANALYZER_NUMBER_OBJECT_CONVERSION = YES_AGGRESSIVE;
				CLANG_CXX_LANGUAGE_STANDARD = "gnu++14";
				CLANG_CXX_LIBRARY = "libc++";
				CLANG_ENABLE_MODULES = YES;
				CLANG_ENABLE_OBJC_ARC = YES;
				CLANG_ENABLE_OBJC_WEAK = YES;
				CLANG_WARN_BLOCK_CAPTURE_AUTORELEASING = YES;
				CLANG_WARN_BOOL_CONVERSION = YES;
				CLANG_WARN_COMMA = YES;
				CLANG_WARN_CONSTANT_CONVERSION = YES;
				CLANG_WARN_DEPRECATED_OBJC_IMPLEMENTATIONS = YES;
				CLANG_WARN_DIRECT_OBJC_ISA_USAGE = YES_ERROR;
				CLANG_WARN_DOCUMENTATION_COMMENTS = YES;
				CLANG_WARN_EMPTY_BODY = YES;
				CLANG_WARN_ENUM_CONVERSION = YES;
				CLANG_WARN_INFINITE_RECURSION = YES;
				CLANG_WARN_INT_CONVERSION = YES;
				CLANG_WARN_NON_LITERAL_NULL_CONVERSION = YES;
				CLANG_WARN_OBJC_IMPLICIT_RETAIN_SELF = YES;
				CLANG_WARN_OBJC_LITERAL_CONVERSION = YES;
				CLANG_WARN_OBJC_ROOT_CLASS = YES_ERROR;
				CLANG_WARN_QUOTED_INCLUDE_IN_FRAMEWORK_HEADER = YES;
				CLANG_WARN_RANGE_LOOP_ANALYSIS = YES;
				CLANG_WARN_STRICT_PROTOTYPES = YES;
				CLANG_WARN_SUSPICIOUS_MOVE = YES;
				CLANG_WARN_UNGUARDED_AVAILABILITY = YES_AGGRESSIVE;
				CLANG_WARN_UNREACHABLE_CODE = YES;
				CLANG_WARN__DUPLICATE_METHOD_MATCH = YES;
				COPY_PHASE_STRIP = NO;
				DEBUG_INFORMATION_FORMAT = dwarf;
				ENABLE_STRICT_OBJC_MSGSEND = YES;
				ENABLE_TESTABILITY = YES;
				GCC_C_LANGUAGE_STANDARD = gnu11;
				GCC_DYNAMIC_NO_PIC = NO;
				GCC_NO_COMMON_BLOCKS = YES;
				GCC_OPTIMIZATION_LEVEL = 0;
				GCC_PREPROCESSOR_DEFINITIONS = (
					"DEBUG=1",
					"$(inherited)",
				);
				GCC_WARN_64_TO_32_BIT_CONVERSION = YES;
				GCC_WARN_ABOUT_RETURN_TYPE = YES_ERROR;
				GCC_WARN_UNDECLARED_SELECTOR = YES;
				GCC_WARN_UNINITIALIZED_AUTOS = YES_AGGRESSIVE;
				GCC_WARN_UNUSED_FUNCTION = YES;
				GCC_WARN_UNUSED_VARIABLE = YES;
				IPHONEOS_DEPLOYMENT_TARGET = 14.0;
				MTL_ENABLE_DEBUG_INFO = INCLUDE_SOURCE;
				MTL_FAST_MATH = YES;
				ONLY_ACTIVE_ARCH = YES;
				SDKROOT = iphoneos;
				SWIFT_ACTIVE_COMPILATION_CONDITIONS = DEBUG;
				SWIFT_OPTIMIZATION_LEVEL = "-Onone";
			};
			name = Debug;
		};
		75E1C0B225FEE5BA0092BDC9 /* Release */ = {
			isa = XCBuildConfiguration;
			buildSettings = {
				ALWAYS_SEARCH_USER_PATHS = NO;
				CLANG_ANALYZER_NONNULL = YES;
				CLANG_ANALYZER_NUMBER_OBJECT_CONVERSION = YES_AGGRESSIVE;
				CLANG_CXX_LANGUAGE_STANDARD = "gnu++14";
				CLANG_CXX_LIBRARY = "libc++";
				CLANG_ENABLE_MODULES = YES;
				CLANG_ENABLE_OBJC_ARC = YES;
				CLANG_ENABLE_OBJC_WEAK = YES;
				CLANG_WARN_BLOCK_CAPTURE_AUTORELEASING = YES;
				CLANG_WARN_BOOL_CONVERSION = YES;
				CLANG_WARN_COMMA = YES;
				CLANG_WARN_CONSTANT_CONVERSION = YES;
				CLANG_WARN_DEPRECATED_OBJC_IMPLEMENTATIONS = YES;
				CLANG_WARN_DIRECT_OBJC_ISA_USAGE = YES_ERROR;
				CLANG_WARN_DOCUMENTATION_COMMENTS = YES;
				CLANG_WARN_EMPTY_BODY = YES;
				CLANG_WARN_ENUM_CONVERSION = YES;
				CLANG_WARN_INFINITE_RECURSION = YES;
				CLANG_WARN_INT_CONVERSION = YES;
				CLANG_WARN_NON_LITERAL_NULL_CONVERSION = YES;
				CLANG_WARN_OBJC_IMPLICIT_RETAIN_SELF = YES;
				CLANG_WARN_OBJC_LITERAL_CONVERSION = YES;
				CLANG_WARN_OBJC_ROOT_CLASS = YES_ERROR;
				CLANG_WARN_QUOTED_INCLUDE_IN_FRAMEWORK_HEADER = YES;
				CLANG_WARN_RANGE_LOOP_ANALYSIS = YES;
				CLANG_WARN_STRICT_PROTOTYPES = YES;
				CLANG_WARN_SUSPICIOUS_MOVE = YES;
				CLANG_WARN_UNGUARDED_AVAILABILITY = YES_AGGRESSIVE;
				CLANG_WARN_UNREACHABLE_CODE = YES;
				CLANG_WARN__DUPLICATE_METHOD_MATCH = YES;
				COPY_PHASE_STRIP = NO;
				DEBUG_INFORMATION_FORMAT = "dwarf-with-dsym";
				ENABLE_NS_ASSERTIONS = NO;
				ENABLE_STRICT_OBJC_MSGSEND = YES;
				GCC_C_LANGUAGE_STANDARD = gnu11;
				GCC_NO_COMMON_BLOCKS = YES;
				GCC_WARN_64_TO_32_BIT_CONVERSION = YES;
				GCC_WARN_ABOUT_RETURN_TYPE = YES_ERROR;
				GCC_WARN_UNDECLARED_SELECTOR = YES;
				GCC_WARN_UNINITIALIZED_AUTOS = YES_AGGRESSIVE;
				GCC_WARN_UNUSED_FUNCTION = YES;
				GCC_WARN_UNUSED_VARIABLE = YES;
				IPHONEOS_DEPLOYMENT_TARGET = 14.0;
				MTL_ENABLE_DEBUG_INFO = NO;
				MTL_FAST_MATH = YES;
				SDKROOT = iphoneos;
				SWIFT_COMPILATION_MODE = wholemodule;
				SWIFT_OPTIMIZATION_LEVEL = "-O";
				VALIDATE_PRODUCT = YES;
			};
			name = Release;
		};
		75E1C0B425FEE5BA0092BDC9 /* Debug */ = {
			isa = XCBuildConfiguration;
			baseConfigurationReference = 65553B0433CC5AC16A6F006A /* Pods-Playground.debug.xcconfig */;
			buildSettings = {
				ASSETCATALOG_COMPILER_APPICON_NAME = AppIcon;
				ASSETCATALOG_COMPILER_GLOBAL_ACCENT_COLOR_NAME = AccentColor;
				CODE_SIGN_STYLE = Automatic;
				INFOPLIST_FILE = Playground/Info.plist;
				LD_RUNPATH_SEARCH_PATHS = (
					"$(inherited)",
					"@executable_path/Frameworks",
				);
				PRODUCT_BUNDLE_IDENTIFIER = com.ezam.Playground;
				PRODUCT_NAME = "$(TARGET_NAME)";
				SWIFT_VERSION = 5.0;
				TARGETED_DEVICE_FAMILY = "1,2";
			};
			name = Debug;
		};
		75E1C0B525FEE5BA0092BDC9 /* Release */ = {
			isa = XCBuildConfiguration;
			baseConfigurationReference = 600BC5A058D50D93CBDD53CA /* Pods-Playground.release.xcconfig */;
			buildSettings = {
				ASSETCATALOG_COMPILER_APPICON_NAME = AppIcon;
				ASSETCATALOG_COMPILER_GLOBAL_ACCENT_COLOR_NAME = AccentColor;
				CODE_SIGN_STYLE = Automatic;
				INFOPLIST_FILE = Playground/Info.plist;
				LD_RUNPATH_SEARCH_PATHS = (
					"$(inherited)",
					"@executable_path/Frameworks",
				);
				PRODUCT_BUNDLE_IDENTIFIER = com.ezam.Playground;
				PRODUCT_NAME = "$(TARGET_NAME)";
				SWIFT_VERSION = 5.0;
				TARGETED_DEVICE_FAMILY = "1,2";
			};
			name = Release;
		};
/* End XCBuildConfiguration section */

/* Begin XCConfigurationList section */
		75E1C09A25FEE5B80092BDC9 /* Build configuration list for PBXProject "Playground" */ = {
			isa = XCConfigurationList;
			buildConfigurations = (
				75E1C0B125FEE5BA0092BDC9 /* Debug */,
				75E1C0B225FEE5BA0092BDC9 /* Release */,
			);
			defaultConfigurationIsVisible = 0;
			defaultConfigurationName = Release;
		};
		75E1C0B325FEE5BA0092BDC9 /* Build configuration list for PBXNativeTarget "Playground" */ = {
			isa = XCConfigurationList;
			buildConfigurations = (
				75E1C0B425FEE5BA0092BDC9 /* Debug */,
				75E1C0B525FEE5BA0092BDC9 /* Release */,
			);
			defaultConfigurationIsVisible = 0;
			defaultConfigurationName = Release;
		};
/* End XCConfigurationList section */

/* Begin XCVersionGroup section */
		750D75C82602963D00ADABB3 /* DataModel.xcdatamodeld */ = {
			isa = XCVersionGroup;
			children = (
				750D75C92602963D00ADABB3 /* DataModel.xcdatamodel */,
			);
			currentVersion = 750D75C92602963D00ADABB3 /* DataModel.xcdatamodel */;
			path = DataModel.xcdatamodeld;
			sourceTree = "<group>";
			versionGroupType = wrapper.xcdatamodel;
		};
/* End XCVersionGroup section */
	};
	rootObject = 75E1C09725FEE5B80092BDC9 /* Project object */;
}
